
Microsoft Visual Studio Solution File, Format Version 12.00
# Visual Studio 15
VisualStudioVersion = 15.0.27130.2036
MinimumVisualStudioVersion = 10.0.40219.1
Project("{FAE04EC0-301F-11D3-BF4B-00C04F79EFBC}") = "Task9", "Task9\Task9.csproj", "{8CE37EA3-FCB3-4932-92C0-9BC6476257FE}"
EndProject
Global
	GlobalSection(SolutionConfigurationPlatforms) = preSolution
		Debug|Any CPU = Debug|Any CPU
		Release|Any CPU = Release|Any CPU
	EndGlobalSection
	GlobalSection(ProjectConfigurationPlatforms) = postSolution
		{8CE37EA3-FCB3-4932-92C0-9BC6476257FE}.Debug|Any CPU.ActiveCfg = Debug|Any CPU
		{8CE37EA3-FCB3-4932-92C0-9BC6476257FE}.Debug|Any CPU.Build.0 = Debug|Any CPU
		{8CE37EA3-FCB3-4932-92C0-9BC6476257FE}.Release|Any CPU.ActiveCfg = Release|Any CPU
		{8CE37EA3-FCB3-4932-92C0-9BC6476257FE}.Release|Any CPU.Build.0 = Release|Any CPU
	EndGlobalSection
	GlobalSection(SolutionProperties) = preSolution
		HideSolutionNode = FALSE
	EndGlobalSection
	GlobalSection(ExtensibilityGlobals) = postSolution
		SolutionGuid = {E40BF7A6-F4A2-41A1-84CE-B1543E9BB50C}
	EndGlobalSection
EndGlobal
