
Microsoft Visual Studio Solution File, Format Version 12.00
# Visual Studio 15
VisualStudioVersion = 15.0.27130.2036
MinimumVisualStudioVersion = 10.0.40219.1
Project("{FAE04EC0-301F-11D3-BF4B-00C04F79EFBC}") = "FirstTask", "FirstTask\FirstTask.csproj", "{2B157D54-C7EF-421B-B07A-C73E7BBB9BCB}"
EndProject
Global
	GlobalSection(SolutionConfigurationPlatforms) = preSolution
		Debug|Any CPU = Debug|Any CPU
		Release|Any CPU = Release|Any CPU
	EndGlobalSection
	GlobalSection(ProjectConfigurationPlatforms) = postSolution
		{2B157D54-C7EF-421B-B07A-C73E7BBB9BCB}.Debug|Any CPU.ActiveCfg = Debug|Any CPU
		{2B157D54-C7EF-421B-B07A-C73E7BBB9BCB}.Debug|Any CPU.Build.0 = Debug|Any CPU
		{2B157D54-C7EF-421B-B07A-C73E7BBB9BCB}.Release|Any CPU.ActiveCfg = Release|Any CPU
		{2B157D54-C7EF-421B-B07A-C73E7BBB9BCB}.Release|Any CPU.Build.0 = Release|Any CPU
	EndGlobalSection
	GlobalSection(SolutionProperties) = preSolution
		HideSolutionNode = FALSE
	EndGlobalSection
	GlobalSection(ExtensibilityGlobals) = postSolution
		SolutionGuid = {36DBA513-8245-4780-85AF-F69AAE283DBA}
	EndGlobalSection
EndGlobal
