
Microsoft Visual Studio Solution File, Format Version 12.00
# Visual Studio 15
VisualStudioVersion = 15.0.27428.2015
MinimumVisualStudioVersion = 10.0.40219.1
Project("{FAE04EC0-301F-11D3-BF4B-00C04F79EFBC}") = "RealTask4", "RealTask4\RealTask4.csproj", "{8A147FDA-82D9-4E08-8F91-7983CB870C87}"
EndProject
Global
	GlobalSection(SolutionConfigurationPlatforms) = preSolution
		Debug|Any CPU = Debug|Any CPU
		Release|Any CPU = Release|Any CPU
	EndGlobalSection
	GlobalSection(ProjectConfigurationPlatforms) = postSolution
		{8A147FDA-82D9-4E08-8F91-7983CB870C87}.Debug|Any CPU.ActiveCfg = Debug|Any CPU
		{8A147FDA-82D9-4E08-8F91-7983CB870C87}.Debug|Any CPU.Build.0 = Debug|Any CPU
		{8A147FDA-82D9-4E08-8F91-7983CB870C87}.Release|Any CPU.ActiveCfg = Release|Any CPU
		{8A147FDA-82D9-4E08-8F91-7983CB870C87}.Release|Any CPU.Build.0 = Release|Any CPU
	EndGlobalSection
	GlobalSection(SolutionProperties) = preSolution
		HideSolutionNode = FALSE
	EndGlobalSection
	GlobalSection(ExtensibilityGlobals) = postSolution
		SolutionGuid = {7FBA946C-47C5-45DB-9C7D-43D62E7AE4E3}
	EndGlobalSection
EndGlobal
