
Microsoft Visual Studio Solution File, Format Version 12.00
# Visual Studio 15
VisualStudioVersion = 15.0.27428.2015
MinimumVisualStudioVersion = 10.0.40219.1
Project("{FAE04EC0-301F-11D3-BF4B-00C04F79EFBC}") = "Task6", "Task6\Task6.csproj", "{439F21AE-8916-41F3-BC6E-270F42C3C283}"
EndProject
Global
	GlobalSection(SolutionConfigurationPlatforms) = preSolution
		Debug|Any CPU = Debug|Any CPU
		Release|Any CPU = Release|Any CPU
	EndGlobalSection
	GlobalSection(ProjectConfigurationPlatforms) = postSolution
		{439F21AE-8916-41F3-BC6E-270F42C3C283}.Debug|Any CPU.ActiveCfg = Debug|Any CPU
		{439F21AE-8916-41F3-BC6E-270F42C3C283}.Debug|Any CPU.Build.0 = Debug|Any CPU
		{439F21AE-8916-41F3-BC6E-270F42C3C283}.Release|Any CPU.ActiveCfg = Release|Any CPU
		{439F21AE-8916-41F3-BC6E-270F42C3C283}.Release|Any CPU.Build.0 = Release|Any CPU
	EndGlobalSection
	GlobalSection(SolutionProperties) = preSolution
		HideSolutionNode = FALSE
	EndGlobalSection
	GlobalSection(ExtensibilityGlobals) = postSolution
		SolutionGuid = {917520BB-881E-45BC-9D24-76206EB2FE86}
	EndGlobalSection
EndGlobal
